
Microsoft Visual Studio Solution File, Format Version 12.00
# Visual Studio Version 17
VisualStudioVersion = 17.13.36105.23 d17.13
MinimumVisualStudioVersion = 10.0.40219.1
Project("{FAE04EC0-301F-11D3-BF4B-00C04F79EFBC}") = "CursoMediatRCQRS", "CursoMediatRCQRS.csproj", "{49A3065D-1AEE-4A40-BEE4-9603A04AA7CD}"
EndProject
Global
	GlobalSection(SolutionConfigurationPlatforms) = preSolution
		Debug|Any CPU = Debug|Any CPU
		Release|Any CPU = Release|Any CPU
	EndGlobalSection
	GlobalSection(ProjectConfigurationPlatforms) = postSolution
		{49A3065D-1AEE-4A40-BEE4-9603A04AA7CD}.Debug|Any CPU.ActiveCfg = Debug|Any CPU
		{49A3065D-1AEE-4A40-BEE4-9603A04AA7CD}.Debug|Any CPU.Build.0 = Debug|Any CPU
		{49A3065D-1AEE-4A40-BEE4-9603A04AA7CD}.Release|Any CPU.ActiveCfg = Release|Any CPU
		{49A3065D-1AEE-4A40-BEE4-9603A04AA7CD}.Release|Any CPU.Build.0 = Release|Any CPU
	EndGlobalSection
	GlobalSection(SolutionProperties) = preSolution
		HideSolutionNode = FALSE
	EndGlobalSection
	GlobalSection(ExtensibilityGlobals) = postSolution
		SolutionGuid = {2DC5E9B6-54DC-46E9-8053-C6DD02BBD09B}
	EndGlobalSection
EndGlobal
